
Microsoft Visual Studio Solution File, Format Version 12.00
# Visual Studio Version 17
VisualStudioVersion = 17.5.33516.290
MinimumVisualStudioVersion = 10.0.40219.1
Project("{FAE04EC0-301F-11D3-BF4B-00C04F79EFBC}") = "TruongMinhHuu_2080600088_BC", "TruongMinhHuu_2080600088_BC.csproj", "{E6C79836-1503-4E6A-A035-ABD7B6D1BDDD}"
EndProject
Global
	GlobalSection(SolutionConfigurationPlatforms) = preSolution
		Debug|Any CPU = Debug|Any CPU
		Release|Any CPU = Release|Any CPU
	EndGlobalSection
	GlobalSection(ProjectConfigurationPlatforms) = postSolution
		{E6C79836-1503-4E6A-A035-ABD7B6D1BDDD}.Debug|Any CPU.ActiveCfg = Debug|Any CPU
		{E6C79836-1503-4E6A-A035-ABD7B6D1BDDD}.Debug|Any CPU.Build.0 = Debug|Any CPU
		{E6C79836-1503-4E6A-A035-ABD7B6D1BDDD}.Release|Any CPU.ActiveCfg = Release|Any CPU
		{E6C79836-1503-4E6A-A035-ABD7B6D1BDDD}.Release|Any CPU.Build.0 = Release|Any CPU
	EndGlobalSection
	GlobalSection(SolutionProperties) = preSolution
		HideSolutionNode = FALSE
	EndGlobalSection
	GlobalSection(ExtensibilityGlobals) = postSolution
		SolutionGuid = {C9421F37-76E3-4540-9AE4-66C67E0FAB40}
	EndGlobalSection
EndGlobal
